
Microsoft Visual Studio Solution File, Format Version 12.00
# Visual Studio Version 17
VisualStudioVersion = 17.11.35327.3
MinimumVisualStudioVersion = 10.0.40219.1
Project("{FAE04EC0-301F-11D3-BF4B-00C04F79EFBC}") = "Profileapi", "Profileapi\Profileapi.csproj", "{F121BE43-1103-41EA-8EF3-C2B959A0394F}"
EndProject
Global
	GlobalSection(SolutionConfigurationPlatforms) = preSolution
		Debug|Any CPU = Debug|Any CPU
		Release|Any CPU = Release|Any CPU
	EndGlobalSection
	GlobalSection(ProjectConfigurationPlatforms) = postSolution
		{F121BE43-1103-41EA-8EF3-C2B959A0394F}.Debug|Any CPU.ActiveCfg = Debug|Any CPU
		{F121BE43-1103-41EA-8EF3-C2B959A0394F}.Debug|Any CPU.Build.0 = Debug|Any CPU
		{F121BE43-1103-41EA-8EF3-C2B959A0394F}.Release|Any CPU.ActiveCfg = Release|Any CPU
		{F121BE43-1103-41EA-8EF3-C2B959A0394F}.Release|Any CPU.Build.0 = Release|Any CPU
	EndGlobalSection
	GlobalSection(SolutionProperties) = preSolution
		HideSolutionNode = FALSE
	EndGlobalSection
	GlobalSection(ExtensibilityGlobals) = postSolution
		SolutionGuid = {DE40CF35-48F0-47B8-A66B-FC6D62BFA859}
	EndGlobalSection
EndGlobal
